
Microsoft Visual Studio Solution File, Format Version 12.00
# Visual Studio Version 16
VisualStudioVersion = 16.0.32228.343
MinimumVisualStudioVersion = 10.0.40219.1
Project("{FAE04EC0-301F-11D3-BF4B-00C04F79EFBC}") = "TECHNOLOGY SHOP", "TECHNOLOGY SHOP\TECHNOLOGY SHOP.csproj", "{27FA563A-EB6E-41C2-AF7E-C1CB9B771E30}"
EndProject
Global
	GlobalSection(SolutionConfigurationPlatforms) = preSolution
		Debug|Any CPU = Debug|Any CPU
		Release|Any CPU = Release|Any CPU
	EndGlobalSection
	GlobalSection(ProjectConfigurationPlatforms) = postSolution
		{27FA563A-EB6E-41C2-AF7E-C1CB9B771E30}.Debug|Any CPU.ActiveCfg = Debug|Any CPU
		{27FA563A-EB6E-41C2-AF7E-C1CB9B771E30}.Debug|Any CPU.Build.0 = Debug|Any CPU
		{27FA563A-EB6E-41C2-AF7E-C1CB9B771E30}.Release|Any CPU.ActiveCfg = Release|Any CPU
		{27FA563A-EB6E-41C2-AF7E-C1CB9B771E30}.Release|Any CPU.Build.0 = Release|Any CPU
	EndGlobalSection
	GlobalSection(SolutionProperties) = preSolution
		HideSolutionNode = FALSE
	EndGlobalSection
	GlobalSection(ExtensibilityGlobals) = postSolution
		SolutionGuid = {DC1B9AB5-CFEF-46BB-9B33-72E134DB8A63}
	EndGlobalSection
EndGlobal
